// !$*UTF8*$!
{
	archiveVersion = 1;
	classes = {
	};
	objectVersion = 56;
	objects = {

/* Begin PBXBuildFile section */
		8B3159D12BCFE7190049CB5F /* SignUpView.swift in Sources */ = {isa = PBXBuildFile; fileRef = 8B3159D02BCFE7190049CB5F /* SignUpView.swift */; };
		8B3159D52BD041500049CB5F /* ServiceTermsView.swift in Sources */ = {isa = PBXBuildFile; fileRef = 8B3159D42BD041500049CB5F /* ServiceTermsView.swift */; };
		8B3159D72BD0419A0049CB5F /* PrivacyTermsView.swift in Sources */ = {isa = PBXBuildFile; fileRef = 8B3159D62BD0419A0049CB5F /* PrivacyTermsView.swift */; };
		8B3159DA2BD0F8510049CB5F /* ProfileModifyView.swift in Sources */ = {isa = PBXBuildFile; fileRef = 8B3159D92BD0F8510049CB5F /* ProfileModifyView.swift */; };
		8B3159DC2BD16C570049CB5F /* DeleteUserResponse.swift in Sources */ = {isa = PBXBuildFile; fileRef = 8B3159DB2BD16C570049CB5F /* DeleteUserResponse.swift */; };
		8B5368F32BD25EB7007B8984 /* IdDuplicationResponse.swift in Sources */ = {isa = PBXBuildFile; fileRef = 8B5368F22BD25EB7007B8984 /* IdDuplicationResponse.swift */; };
		8B5368F52BD2B59D007B8984 /* GuestInfoRequest.swift in Sources */ = {isa = PBXBuildFile; fileRef = 8B5368F42BD2B59D007B8984 /* GuestInfoRequest.swift */; };
		8B5368F72BD2B5A9007B8984 /* GuestInfoResponse.swift in Sources */ = {isa = PBXBuildFile; fileRef = 8B5368F62BD2B5A9007B8984 /* GuestInfoResponse.swift */; };
		8B5368F92BD2BD8D007B8984 /* PasswordCheckView.swift in Sources */ = {isa = PBXBuildFile; fileRef = 8B5368F82BD2BD8D007B8984 /* PasswordCheckView.swift */; };
		8B5368FB2BD2BF73007B8984 /* UserInquiryResponse.swift in Sources */ = {isa = PBXBuildFile; fileRef = 8B5368FA2BD2BF73007B8984 /* UserInquiryResponse.swift */; };
		8B5368FD2BD2C019007B8984 /* UserInfoModifyRequest.swift in Sources */ = {isa = PBXBuildFile; fileRef = 8B5368FC2BD2C019007B8984 /* UserInfoModifyRequest.swift */; };
		8B5368FF2BD2C026007B8984 /* UserInfoModifyResponse.swift in Sources */ = {isa = PBXBuildFile; fileRef = 8B5368FE2BD2C025007B8984 /* UserInfoModifyResponse.swift */; };
		8B831BDE2BCCEFF600A85973 /* GachMapApp.swift in Sources */ = {isa = PBXBuildFile; fileRef = 8B831BDD2BCCEFF600A85973 /* GachMapApp.swift */; };
		8B831BE02BCCEFF600A85973 /* ContentView.swift in Sources */ = {isa = PBXBuildFile; fileRef = 8B831BDF2BCCEFF600A85973 /* ContentView.swift */; };
		8B831BE22BCCEFF700A85973 /* Assets.xcassets in Resources */ = {isa = PBXBuildFile; fileRef = 8B831BE12BCCEFF700A85973 /* Assets.xcassets */; };
		8B831BE52BCCEFF700A85973 /* Preview Assets.xcassets in Resources */ = {isa = PBXBuildFile; fileRef = 8B831BE42BCCEFF700A85973 /* Preview Assets.xcassets */; };
		8B831C072BCCF57700A85973 /* GuestInfoInputView.swift in Sources */ = {isa = PBXBuildFile; fileRef = 8B831BFD2BCCF57700A85973 /* GuestInfoInputView.swift */; };
		8B831C082BCCF57700A85973 /* LoginView.swift in Sources */ = {isa = PBXBuildFile; fileRef = 8B831BFE2BCCF57700A85973 /* LoginView.swift */; };
		8B831C092BCCF57700A85973 /* UserInfoInputView.swift in Sources */ = {isa = PBXBuildFile; fileRef = 8B831BFF2BCCF57700A85973 /* UserInfoInputView.swift */; };
		8B831C0A2BCCF57700A85973 /* BuildingTabView.swift in Sources */ = {isa = PBXBuildFile; fileRef = 8B831C012BCCF57700A85973 /* BuildingTabView.swift */; };
		8B831C0B2BCCF57700A85973 /* DashboardView.swift in Sources */ = {isa = PBXBuildFile; fileRef = 8B831C022BCCF57700A85973 /* DashboardView.swift */; };
		8B831C0C2BCCF57700A85973 /* EventTabView.swift in Sources */ = {isa = PBXBuildFile; fileRef = 8B831C032BCCF57700A85973 /* EventTabView.swift */; };
		8B831C0D2BCCF57700A85973 /* MapTabView.swift in Sources */ = {isa = PBXBuildFile; fileRef = 8B831C042BCCF57700A85973 /* MapTabView.swift */; };
		8B831C0E2BCCF57700A85973 /* ProfileTabView.swift in Sources */ = {isa = PBXBuildFile; fileRef = 8B831C052BCCF57700A85973 /* ProfileTabView.swift */; };
		8B831C2D2BCCF60C00A85973 /* LoginInfo.swift in Sources */ = {isa = PBXBuildFile; fileRef = 8B831C0F2BCCF60C00A85973 /* LoginInfo.swift */; };
		8B831C2F2BCCF60C00A85973 /* LoginRequest.swift in Sources */ = {isa = PBXBuildFile; fileRef = 8B831C122BCCF60C00A85973 /* LoginRequest.swift */; };
		8B831C302BCCF60C00A85973 /* LoginResponse.swift in Sources */ = {isa = PBXBuildFile; fileRef = 8B831C132BCCF60C00A85973 /* LoginResponse.swift */; };
		8B831C322BCCF60C00A85973 /* UserInfoRequest.swift in Sources */ = {isa = PBXBuildFile; fileRef = 8B831C152BCCF60C00A85973 /* UserInfoRequest.swift */; };
		8B831C332BCCF60C00A85973 /* UserInfoResponse.swift in Sources */ = {isa = PBXBuildFile; fileRef = 8B831C162BCCF60C00A85973 /* UserInfoResponse.swift */; };
		8B831C342BCCF60C00A85973 /* middleArrow.usdz in Resources */ = {isa = PBXBuildFile; fileRef = 8B831C182BCCF60C00A85973 /* middleArrow.usdz */; };
		8B831C352BCCF60C00A85973 /* Pin.usdz in Resources */ = {isa = PBXBuildFile; fileRef = 8B831C192BCCF60C00A85973 /* Pin.usdz */; };
		8B831C362BCCF60C00A85973 /* right.usdz in Resources */ = {isa = PBXBuildFile; fileRef = 8B831C1A2BCCF60C00A85973 /* right.usdz */; };
		8B831C372BCCF60C00A85973 /* threeArrows.usdz in Resources */ = {isa = PBXBuildFile; fileRef = 8B831C1B2BCCF60C00A85973 /* threeArrows.usdz */; };
		8B831C382BCCF60C00A85973 /* AppleMap.swift in Sources */ = {isa = PBXBuildFile; fileRef = 8B831C1D2BCCF60C00A85973 /* AppleMap.swift */; };
		8B831C392BCCF60C00A85973 /* ARMainView.swift in Sources */ = {isa = PBXBuildFile; fileRef = 8B831C1E2BCCF60C00A85973 /* ARMainView.swift */; };
		8B831C3A2BCCF60C00A85973 /* ARView.swift in Sources */ = {isa = PBXBuildFile; fileRef = 8B831C1F2BCCF60C00A85973 /* ARView.swift */; };
		8B831C3B2BCCF60C00A85973 /* Constant.swift in Sources */ = {isa = PBXBuildFile; fileRef = 8B831C202BCCF60C00A85973 /* Constant.swift */; };
		8B831C3C2BCCF60C00A85973 /* CoreLocation.swift in Sources */ = {isa = PBXBuildFile; fileRef = 8B831C212BCCF60C00A85973 /* CoreLocation.swift */; };
		8B831C3D2BCCF60C00A85973 /* Extension.swift in Sources */ = {isa = PBXBuildFile; fileRef = 8B831C222BCCF60C00A85973 /* Extension.swift */; };
		8B831C3E2BCCF60C00A85973 /* GetIntermediateCoordinate.swift in Sources */ = {isa = PBXBuildFile; fileRef = 8B831C232BCCF60C00A85973 /* GetIntermediateCoordinate.swift */; };
		8B831C3F2BCCF60C00A85973 /* NextNode.swift in Sources */ = {isa = PBXBuildFile; fileRef = 8B831C242BCCF60C00A85973 /* NextNode.swift */; };
		8B831C402BCCF60C00A85973 /* Node.swift in Sources */ = {isa = PBXBuildFile; fileRef = 8B831C252BCCF60C00A85973 /* Node.swift */; };
		8B831C412BCCF60C00A85973 /* Path.swift in Sources */ = {isa = PBXBuildFile; fileRef = 8B831C262BCCF60C00A85973 /* Path.swift */; };
		8B831C422BCCF60C00A85973 /* StartView.swift in Sources */ = {isa = PBXBuildFile; fileRef = 8B831C272BCCF60C00A85973 /* StartView.swift */; };
		8B831C432BCCF60C00A85973 /* BeantownButtons.swift in Sources */ = {isa = PBXBuildFile; fileRef = 8B831C292BCCF60C00A85973 /* BeantownButtons.swift */; };
		8B831C442BCCF60C00A85973 /* BottomSheetHelper.swift in Sources */ = {isa = PBXBuildFile; fileRef = 8B831C2A2BCCF60C00A85973 /* BottomSheetHelper.swift */; };
		8B831C452BCCF60C00A85973 /* MapTestView.swift in Sources */ = {isa = PBXBuildFile; fileRef = 8B831C2B2BCCF60C00A85973 /* MapTestView.swift */; };
		8B831C472BCD1B5C00A85973 /* UserInfo.swift in Sources */ = {isa = PBXBuildFile; fileRef = 8B831C462BCD1B5C00A85973 /* UserInfo.swift */; };
		8B831C492BCD3F4D00A85973 /* SplashScreen.swift in Sources */ = {isa = PBXBuildFile; fileRef = 8B831C482BCD3F4D00A85973 /* SplashScreen.swift */; };
		8B831C4B2BCD46DF00A85973 /* PrimaryView.swift in Sources */ = {isa = PBXBuildFile; fileRef = 8B831C4A2BCD46DF00A85973 /* PrimaryView.swift */; };
		8B831C712BCE0A9200A85973 /* GuestDashboardView.swift in Sources */ = {isa = PBXBuildFile; fileRef = 8B831C702BCE0A9200A85973 /* GuestDashboardView.swift */; };
		8B831C732BCE0AB300A85973 /* StudentDashboardView.swift in Sources */ = {isa = PBXBuildFile; fileRef = 8B831C722BCE0AB300A85973 /* StudentDashboardView.swift */; };
		8BA84B602BCF8DD000ACD5E2 /* InfoInputView.swift in Sources */ = {isa = PBXBuildFile; fileRef = 8BA84B5F2BCF8DD000ACD5E2 /* InfoInputView.swift */; };
		8BA84B622BCF964800ACD5E2 /* SegmentedControlHelper.swift in Sources */ = {isa = PBXBuildFile; fileRef = 8BA84B612BCF964800ACD5E2 /* SegmentedControlHelper.swift */; };
		A34506E4E7DFA2C6F58F6EBE /* Pods_GachMap.framework in Frameworks */ = {isa = PBXBuildFile; fileRef = EEE0964287E09D08847B86CA /* Pods_GachMap.framework */; };
		CB0D26F72BCE681F00800459 /* EventListResponse.swift in Sources */ = {isa = PBXBuildFile; fileRef = CB0D26F62BCE681F00800459 /* EventListResponse.swift */; };
		CB0D26FC2BCE8EE500800459 /* EventDetailView.swift in Sources */ = {isa = PBXBuildFile; fileRef = CB0D26FB2BCE8EE500800459 /* EventDetailView.swift */; };
		CB0D26FE2BCE8F8300800459 /* EventDetailResponse.swift in Sources */ = {isa = PBXBuildFile; fileRef = CB0D26FD2BCE8F8300800459 /* EventDetailResponse.swift */; };
		CB2E456E2BD4DF38009DB796 /* ARCLViewController.swift in Sources */ = {isa = PBXBuildFile; fileRef = CB2E456D2BD4DF38009DB796 /* ARCLViewController.swift */; };
		CB2E45702BD4DF70009DB796 /* LocationAnnotationNode.swift in Sources */ = {isa = PBXBuildFile; fileRef = CB2E456F2BD4DF70009DB796 /* LocationAnnotationNode.swift */; };
		CB2E45722BD4E015009DB796 /* SCNNode+Extension.swift in Sources */ = {isa = PBXBuildFile; fileRef = CB2E45712BD4E015009DB796 /* SCNNode+Extension.swift */; };
		CB4CE38E2BCD2F0D00E0611B /* WeatherView.swift in Sources */ = {isa = PBXBuildFile; fileRef = CB4CE38D2BCD2F0D00E0611B /* WeatherView.swift */; };
		CB4CE3912BCD3F4600E0611B /* WeatherData.swift in Sources */ = {isa = PBXBuildFile; fileRef = CB4CE3902BCD3F4600E0611B /* WeatherData.swift */; };
		CB4CE3932BCD3F9C00E0611B /* ConvertGrid_GPS.swift in Sources */ = {isa = PBXBuildFile; fileRef = CB4CE3922BCD3F9C00E0611B /* ConvertGrid_GPS.swift */; };
		CB4CE3952BCD3FA500E0611B /* MyXMLParserDelegate.swift in Sources */ = {isa = PBXBuildFile; fileRef = CB4CE3942BCD3FA500E0611B /* MyXMLParserDelegate.swift */; };
		CB4CE3972BCD421A00E0611B /* Weather.swift in Sources */ = {isa = PBXBuildFile; fileRef = CB4CE3962BCD421A00E0611B /* Weather.swift */; };
		CB4EF61D2BCFA07C00BDC73A /* BuildingDetailView.swift in Sources */ = {isa = PBXBuildFile; fileRef = CB4EF61C2BCFA07B00BDC73A /* BuildingDetailView.swift */; };
		CB4EF61F2BCFD4C800BDC73A /* BuildingListResponse.swift in Sources */ = {isa = PBXBuildFile; fileRef = CB4EF61E2BCFD4C800BDC73A /* BuildingListResponse.swift */; };
		CB4EF6212BCFD5C000BDC73A /* BuildingDetailResponse.swift in Sources */ = {isa = PBXBuildFile; fileRef = CB4EF6202BCFD5C000BDC73A /* BuildingDetailResponse.swift */; };
		CB4EF6232BCFD7A000BDC73A /* EventCardView.swift in Sources */ = {isa = PBXBuildFile; fileRef = CB4EF6222BCFD7A000BDC73A /* EventCardView.swift */; };
		CBDDC9122BCEB62300019FAB /* BackgroundMapView.swift in Sources */ = {isa = PBXBuildFile; fileRef = CBDDC9112BCEB62300019FAB /* BackgroundMapView.swift */; };
		CBDDC9142BCEB6CB00019FAB /* PlaceCategoryResponse.swift in Sources */ = {isa = PBXBuildFile; fileRef = CBDDC9132BCEB6CB00019FAB /* PlaceCategoryResponse.swift */; };
		CBDDC9162BCEBF6100019FAB /* BackMapTest.swift in Sources */ = {isa = PBXBuildFile; fileRef = CBDDC9152BCEBF6100019FAB /* BackMapTest.swift */; };
/* End PBXBuildFile section */

/* Begin PBXFileReference section */
		65239D12FC5FBC7B8F89AA67 /* Pods-GachMap.debug.xcconfig */ = {isa = PBXFileReference; includeInIndex = 1; lastKnownFileType = text.xcconfig; name = "Pods-GachMap.debug.xcconfig"; path = "Target Support Files/Pods-GachMap/Pods-GachMap.debug.xcconfig"; sourceTree = "<group>"; };
		8B3159D02BCFE7190049CB5F /* SignUpView.swift */ = {isa = PBXFileReference; lastKnownFileType = sourcecode.swift; path = SignUpView.swift; sourceTree = "<group>"; };
		8B3159D42BD041500049CB5F /* ServiceTermsView.swift */ = {isa = PBXFileReference; lastKnownFileType = sourcecode.swift; path = ServiceTermsView.swift; sourceTree = "<group>"; };
		8B3159D62BD0419A0049CB5F /* PrivacyTermsView.swift */ = {isa = PBXFileReference; lastKnownFileType = sourcecode.swift; path = PrivacyTermsView.swift; sourceTree = "<group>"; };
		8B3159D92BD0F8510049CB5F /* ProfileModifyView.swift */ = {isa = PBXFileReference; lastKnownFileType = sourcecode.swift; path = ProfileModifyView.swift; sourceTree = "<group>"; };
		8B3159DB2BD16C570049CB5F /* DeleteUserResponse.swift */ = {isa = PBXFileReference; lastKnownFileType = sourcecode.swift; path = DeleteUserResponse.swift; sourceTree = "<group>"; };
		8B5368F22BD25EB7007B8984 /* IdDuplicationResponse.swift */ = {isa = PBXFileReference; lastKnownFileType = sourcecode.swift; path = IdDuplicationResponse.swift; sourceTree = "<group>"; };
		8B5368F42BD2B59D007B8984 /* GuestInfoRequest.swift */ = {isa = PBXFileReference; lastKnownFileType = sourcecode.swift; path = GuestInfoRequest.swift; sourceTree = "<group>"; };
		8B5368F62BD2B5A9007B8984 /* GuestInfoResponse.swift */ = {isa = PBXFileReference; lastKnownFileType = sourcecode.swift; path = GuestInfoResponse.swift; sourceTree = "<group>"; };
		8B5368F82BD2BD8D007B8984 /* PasswordCheckView.swift */ = {isa = PBXFileReference; lastKnownFileType = sourcecode.swift; path = PasswordCheckView.swift; sourceTree = "<group>"; };
		8B5368FA2BD2BF73007B8984 /* UserInquiryResponse.swift */ = {isa = PBXFileReference; lastKnownFileType = sourcecode.swift; path = UserInquiryResponse.swift; sourceTree = "<group>"; };
		8B5368FC2BD2C019007B8984 /* UserInfoModifyRequest.swift */ = {isa = PBXFileReference; lastKnownFileType = sourcecode.swift; path = UserInfoModifyRequest.swift; sourceTree = "<group>"; };
		8B5368FE2BD2C025007B8984 /* UserInfoModifyResponse.swift */ = {isa = PBXFileReference; lastKnownFileType = sourcecode.swift; path = UserInfoModifyResponse.swift; sourceTree = "<group>"; };
		8B831BDA2BCCEFF600A85973 /* GachMap.app */ = {isa = PBXFileReference; explicitFileType = wrapper.application; includeInIndex = 0; path = GachMap.app; sourceTree = BUILT_PRODUCTS_DIR; };
		8B831BDD2BCCEFF600A85973 /* GachMapApp.swift */ = {isa = PBXFileReference; lastKnownFileType = sourcecode.swift; path = GachMapApp.swift; sourceTree = "<group>"; };
		8B831BDF2BCCEFF600A85973 /* ContentView.swift */ = {isa = PBXFileReference; lastKnownFileType = sourcecode.swift; path = ContentView.swift; sourceTree = "<group>"; };
		8B831BE12BCCEFF700A85973 /* Assets.xcassets */ = {isa = PBXFileReference; lastKnownFileType = folder.assetcatalog; path = Assets.xcassets; sourceTree = "<group>"; };
		8B831BE42BCCEFF700A85973 /* Preview Assets.xcassets */ = {isa = PBXFileReference; lastKnownFileType = folder.assetcatalog; path = "Preview Assets.xcassets"; sourceTree = "<group>"; };
		8B831BFD2BCCF57700A85973 /* GuestInfoInputView.swift */ = {isa = PBXFileReference; fileEncoding = 4; lastKnownFileType = sourcecode.swift; path = GuestInfoInputView.swift; sourceTree = "<group>"; };
		8B831BFE2BCCF57700A85973 /* LoginView.swift */ = {isa = PBXFileReference; fileEncoding = 4; lastKnownFileType = sourcecode.swift; path = LoginView.swift; sourceTree = "<group>"; };
		8B831BFF2BCCF57700A85973 /* UserInfoInputView.swift */ = {isa = PBXFileReference; fileEncoding = 4; lastKnownFileType = sourcecode.swift; path = UserInfoInputView.swift; sourceTree = "<group>"; };
		8B831C012BCCF57700A85973 /* BuildingTabView.swift */ = {isa = PBXFileReference; fileEncoding = 4; lastKnownFileType = sourcecode.swift; path = BuildingTabView.swift; sourceTree = "<group>"; };
		8B831C022BCCF57700A85973 /* DashboardView.swift */ = {isa = PBXFileReference; fileEncoding = 4; lastKnownFileType = sourcecode.swift; path = DashboardView.swift; sourceTree = "<group>"; };
		8B831C032BCCF57700A85973 /* EventTabView.swift */ = {isa = PBXFileReference; fileEncoding = 4; lastKnownFileType = sourcecode.swift; path = EventTabView.swift; sourceTree = "<group>"; };
		8B831C042BCCF57700A85973 /* MapTabView.swift */ = {isa = PBXFileReference; fileEncoding = 4; lastKnownFileType = sourcecode.swift; path = MapTabView.swift; sourceTree = "<group>"; };
		8B831C052BCCF57700A85973 /* ProfileTabView.swift */ = {isa = PBXFileReference; fileEncoding = 4; lastKnownFileType = sourcecode.swift; path = ProfileTabView.swift; sourceTree = "<group>"; };
		8B831C0F2BCCF60C00A85973 /* LoginInfo.swift */ = {isa = PBXFileReference; fileEncoding = 4; lastKnownFileType = sourcecode.swift; path = LoginInfo.swift; sourceTree = "<group>"; };
		8B831C122BCCF60C00A85973 /* LoginRequest.swift */ = {isa = PBXFileReference; fileEncoding = 4; lastKnownFileType = sourcecode.swift; path = LoginRequest.swift; sourceTree = "<group>"; };
		8B831C132BCCF60C00A85973 /* LoginResponse.swift */ = {isa = PBXFileReference; fileEncoding = 4; lastKnownFileType = sourcecode.swift; path = LoginResponse.swift; sourceTree = "<group>"; };
		8B831C152BCCF60C00A85973 /* UserInfoRequest.swift */ = {isa = PBXFileReference; fileEncoding = 4; lastKnownFileType = sourcecode.swift; path = UserInfoRequest.swift; sourceTree = "<group>"; };
		8B831C162BCCF60C00A85973 /* UserInfoResponse.swift */ = {isa = PBXFileReference; fileEncoding = 4; lastKnownFileType = sourcecode.swift; path = UserInfoResponse.swift; sourceTree = "<group>"; };
		8B831C182BCCF60C00A85973 /* middleArrow.usdz */ = {isa = PBXFileReference; lastKnownFileType = file.usdz; path = middleArrow.usdz; sourceTree = "<group>"; };
		8B831C192BCCF60C00A85973 /* Pin.usdz */ = {isa = PBXFileReference; lastKnownFileType = file.usdz; path = Pin.usdz; sourceTree = "<group>"; };
		8B831C1A2BCCF60C00A85973 /* right.usdz */ = {isa = PBXFileReference; lastKnownFileType = file.usdz; path = right.usdz; sourceTree = "<group>"; };
		8B831C1B2BCCF60C00A85973 /* threeArrows.usdz */ = {isa = PBXFileReference; lastKnownFileType = file.usdz; path = threeArrows.usdz; sourceTree = "<group>"; };
		8B831C1D2BCCF60C00A85973 /* AppleMap.swift */ = {isa = PBXFileReference; fileEncoding = 4; lastKnownFileType = sourcecode.swift; path = AppleMap.swift; sourceTree = "<group>"; };
		8B831C1E2BCCF60C00A85973 /* ARMainView.swift */ = {isa = PBXFileReference; fileEncoding = 4; lastKnownFileType = sourcecode.swift; path = ARMainView.swift; sourceTree = "<group>"; };
		8B831C1F2BCCF60C00A85973 /* ARView.swift */ = {isa = PBXFileReference; fileEncoding = 4; lastKnownFileType = sourcecode.swift; path = ARView.swift; sourceTree = "<group>"; };
		8B831C202BCCF60C00A85973 /* Constant.swift */ = {isa = PBXFileReference; fileEncoding = 4; lastKnownFileType = sourcecode.swift; path = Constant.swift; sourceTree = "<group>"; };
		8B831C212BCCF60C00A85973 /* CoreLocation.swift */ = {isa = PBXFileReference; fileEncoding = 4; lastKnownFileType = sourcecode.swift; path = CoreLocation.swift; sourceTree = "<group>"; };
		8B831C222BCCF60C00A85973 /* Extension.swift */ = {isa = PBXFileReference; fileEncoding = 4; lastKnownFileType = sourcecode.swift; path = Extension.swift; sourceTree = "<group>"; };
		8B831C232BCCF60C00A85973 /* GetIntermediateCoordinate.swift */ = {isa = PBXFileReference; fileEncoding = 4; lastKnownFileType = sourcecode.swift; path = GetIntermediateCoordinate.swift; sourceTree = "<group>"; };
		8B831C242BCCF60C00A85973 /* NextNode.swift */ = {isa = PBXFileReference; fileEncoding = 4; lastKnownFileType = sourcecode.swift; path = NextNode.swift; sourceTree = "<group>"; };
		8B831C252BCCF60C00A85973 /* Node.swift */ = {isa = PBXFileReference; fileEncoding = 4; lastKnownFileType = sourcecode.swift; path = Node.swift; sourceTree = "<group>"; };
		8B831C262BCCF60C00A85973 /* Path.swift */ = {isa = PBXFileReference; fileEncoding = 4; lastKnownFileType = sourcecode.swift; path = Path.swift; sourceTree = "<group>"; };
		8B831C272BCCF60C00A85973 /* StartView.swift */ = {isa = PBXFileReference; fileEncoding = 4; lastKnownFileType = sourcecode.swift; path = StartView.swift; sourceTree = "<group>"; };
		8B831C292BCCF60C00A85973 /* BeantownButtons.swift */ = {isa = PBXFileReference; fileEncoding = 4; lastKnownFileType = sourcecode.swift; path = BeantownButtons.swift; sourceTree = "<group>"; };
		8B831C2A2BCCF60C00A85973 /* BottomSheetHelper.swift */ = {isa = PBXFileReference; fileEncoding = 4; lastKnownFileType = sourcecode.swift; path = BottomSheetHelper.swift; sourceTree = "<group>"; };
		8B831C2B2BCCF60C00A85973 /* MapTestView.swift */ = {isa = PBXFileReference; fileEncoding = 4; lastKnownFileType = sourcecode.swift; path = MapTestView.swift; sourceTree = "<group>"; };
		8B831C462BCD1B5C00A85973 /* UserInfo.swift */ = {isa = PBXFileReference; lastKnownFileType = sourcecode.swift; path = UserInfo.swift; sourceTree = "<group>"; };
		8B831C482BCD3F4D00A85973 /* SplashScreen.swift */ = {isa = PBXFileReference; lastKnownFileType = sourcecode.swift; path = SplashScreen.swift; sourceTree = "<group>"; };
		8B831C4A2BCD46DF00A85973 /* PrimaryView.swift */ = {isa = PBXFileReference; lastKnownFileType = sourcecode.swift; path = PrimaryView.swift; sourceTree = "<group>"; };
		8B831C702BCE0A9200A85973 /* GuestDashboardView.swift */ = {isa = PBXFileReference; lastKnownFileType = sourcecode.swift; path = GuestDashboardView.swift; sourceTree = "<group>"; };
		8B831C722BCE0AB300A85973 /* StudentDashboardView.swift */ = {isa = PBXFileReference; lastKnownFileType = sourcecode.swift; path = StudentDashboardView.swift; sourceTree = "<group>"; };
		8BA84B5F2BCF8DD000ACD5E2 /* InfoInputView.swift */ = {isa = PBXFileReference; lastKnownFileType = sourcecode.swift; path = InfoInputView.swift; sourceTree = "<group>"; };
		8BA84B612BCF964800ACD5E2 /* SegmentedControlHelper.swift */ = {isa = PBXFileReference; lastKnownFileType = sourcecode.swift; path = SegmentedControlHelper.swift; sourceTree = "<group>"; };
		CB0D26F62BCE681F00800459 /* EventListResponse.swift */ = {isa = PBXFileReference; lastKnownFileType = sourcecode.swift; path = EventListResponse.swift; sourceTree = "<group>"; };
		CB0D26FB2BCE8EE500800459 /* EventDetailView.swift */ = {isa = PBXFileReference; lastKnownFileType = sourcecode.swift; path = EventDetailView.swift; sourceTree = "<group>"; };
		CB0D26FD2BCE8F8300800459 /* EventDetailResponse.swift */ = {isa = PBXFileReference; lastKnownFileType = sourcecode.swift; path = EventDetailResponse.swift; sourceTree = "<group>"; };
		CB2E456D2BD4DF38009DB796 /* ARCLViewController.swift */ = {isa = PBXFileReference; lastKnownFileType = sourcecode.swift; path = ARCLViewController.swift; sourceTree = "<group>"; };
		CB2E456F2BD4DF70009DB796 /* LocationAnnotationNode.swift */ = {isa = PBXFileReference; lastKnownFileType = sourcecode.swift; path = LocationAnnotationNode.swift; sourceTree = "<group>"; };
		CB2E45712BD4E015009DB796 /* SCNNode+Extension.swift */ = {isa = PBXFileReference; lastKnownFileType = sourcecode.swift; path = "SCNNode+Extension.swift"; sourceTree = "<group>"; };
		CB4CE38D2BCD2F0D00E0611B /* WeatherView.swift */ = {isa = PBXFileReference; lastKnownFileType = sourcecode.swift; path = WeatherView.swift; sourceTree = "<group>"; };
		CB4CE3902BCD3F4600E0611B /* WeatherData.swift */ = {isa = PBXFileReference; lastKnownFileType = sourcecode.swift; path = WeatherData.swift; sourceTree = "<group>"; };
		CB4CE3922BCD3F9C00E0611B /* ConvertGrid_GPS.swift */ = {isa = PBXFileReference; lastKnownFileType = sourcecode.swift; path = ConvertGrid_GPS.swift; sourceTree = "<group>"; };
		CB4CE3942BCD3FA500E0611B /* MyXMLParserDelegate.swift */ = {isa = PBXFileReference; lastKnownFileType = sourcecode.swift; path = MyXMLParserDelegate.swift; sourceTree = "<group>"; };
		CB4CE3962BCD421A00E0611B /* Weather.swift */ = {isa = PBXFileReference; lastKnownFileType = sourcecode.swift; path = Weather.swift; sourceTree = "<group>"; };
		CB4CE3982BCD4DDB00E0611B /* Info.plist */ = {isa = PBXFileReference; lastKnownFileType = text.plist; path = Info.plist; sourceTree = "<group>"; };
		CB4EF61C2BCFA07B00BDC73A /* BuildingDetailView.swift */ = {isa = PBXFileReference; lastKnownFileType = sourcecode.swift; path = BuildingDetailView.swift; sourceTree = "<group>"; };
		CB4EF61E2BCFD4C800BDC73A /* BuildingListResponse.swift */ = {isa = PBXFileReference; lastKnownFileType = sourcecode.swift; path = BuildingListResponse.swift; sourceTree = "<group>"; };
		CB4EF6202BCFD5C000BDC73A /* BuildingDetailResponse.swift */ = {isa = PBXFileReference; lastKnownFileType = sourcecode.swift; path = BuildingDetailResponse.swift; sourceTree = "<group>"; };
		CB4EF6222BCFD7A000BDC73A /* EventCardView.swift */ = {isa = PBXFileReference; lastKnownFileType = sourcecode.swift; path = EventCardView.swift; sourceTree = "<group>"; };
		CBDDC9112BCEB62300019FAB /* BackgroundMapView.swift */ = {isa = PBXFileReference; lastKnownFileType = sourcecode.swift; path = BackgroundMapView.swift; sourceTree = "<group>"; };
		CBDDC9132BCEB6CB00019FAB /* PlaceCategoryResponse.swift */ = {isa = PBXFileReference; lastKnownFileType = sourcecode.swift; path = PlaceCategoryResponse.swift; sourceTree = "<group>"; };
		CBDDC9152BCEBF6100019FAB /* BackMapTest.swift */ = {isa = PBXFileReference; lastKnownFileType = sourcecode.swift; path = BackMapTest.swift; sourceTree = "<group>"; };
		E0202EBB66AC85F899D763AC /* Pods-GachMap.release.xcconfig */ = {isa = PBXFileReference; includeInIndex = 1; lastKnownFileType = text.xcconfig; name = "Pods-GachMap.release.xcconfig"; path = "Target Support Files/Pods-GachMap/Pods-GachMap.release.xcconfig"; sourceTree = "<group>"; };
		EEE0964287E09D08847B86CA /* Pods_GachMap.framework */ = {isa = PBXFileReference; explicitFileType = wrapper.framework; includeInIndex = 0; path = Pods_GachMap.framework; sourceTree = BUILT_PRODUCTS_DIR; };
/* End PBXFileReference section */

/* Begin PBXFrameworksBuildPhase section */
		8B831BD72BCCEFF600A85973 /* Frameworks */ = {
			isa = PBXFrameworksBuildPhase;
			buildActionMask = 2147483647;
			files = (
				A34506E4E7DFA2C6F58F6EBE /* Pods_GachMap.framework in Frameworks */,
			);
			runOnlyForDeploymentPostprocessing = 0;
		};
/* End PBXFrameworksBuildPhase section */

/* Begin PBXGroup section */
		8A3547320EF5309FB3120374 /* Frameworks */ = {
			isa = PBXGroup;
			children = (
				EEE0964287E09D08847B86CA /* Pods_GachMap.framework */,
			);
			name = Frameworks;
			sourceTree = "<group>";
		};
		8B3159D82BD0F53F0049CB5F /* MyPage */ = {
			isa = PBXGroup;
			children = (
				8B831C052BCCF57700A85973 /* ProfileTabView.swift */,
				8B5368F82BD2BD8D007B8984 /* PasswordCheckView.swift */,
				8B3159D92BD0F8510049CB5F /* ProfileModifyView.swift */,
			);
			path = MyPage;
			sourceTree = "<group>";
		};
		8B831BD12BCCEFF600A85973 = {
			isa = PBXGroup;
			children = (
				8B831BDC2BCCEFF600A85973 /* GachMap */,
				8B831BDB2BCCEFF600A85973 /* Products */,
				CBA6DDB830B7246611E0ED24 /* Pods */,
				8A3547320EF5309FB3120374 /* Frameworks */,
			);
			sourceTree = "<group>";
		};
		8B831BDB2BCCEFF600A85973 /* Products */ = {
			isa = PBXGroup;
			children = (
				8B831BDA2BCCEFF600A85973 /* GachMap.app */,
			);
			name = Products;
			sourceTree = "<group>";
		};
		8B831BDC2BCCEFF600A85973 /* GachMap */ = {
			isa = PBXGroup;
			children = (
				CB4CE3982BCD4DDB00E0611B /* Info.plist */,
				8B831BDD2BCCEFF600A85973 /* GachMapApp.swift */,
				8B831C4A2BCD46DF00A85973 /* PrimaryView.swift */,
				8B831BDF2BCCEFF600A85973 /* ContentView.swift */,
				8B831C282BCCF60C00A85973 /* AR */,
				8B831C2C2BCCF60C00A85973 /* Helpers */,
				8B831C172BCCF60C00A85973 /* Model */,
				8B831C102BCCF60C00A85973 /* Struct */,
				8B831C062BCCF57700A85973 /* Views */,
				8B831BE12BCCEFF700A85973 /* Assets.xcassets */,
				8B831BE32BCCEFF700A85973 /* Preview Content */,
			);
			path = GachMap;
			sourceTree = "<group>";
		};
		8B831BE32BCCEFF700A85973 /* Preview Content */ = {
			isa = PBXGroup;
			children = (
				8B831BE42BCCEFF700A85973 /* Preview Assets.xcassets */,
			);
			path = "Preview Content";
			sourceTree = "<group>";
		};
		8B831C002BCCF57700A85973 /* Login */ = {
			isa = PBXGroup;
			children = (
				8B831BFE2BCCF57700A85973 /* LoginView.swift */,
				8B3159D02BCFE7190049CB5F /* SignUpView.swift */,
				8BA84B5F2BCF8DD000ACD5E2 /* InfoInputView.swift */,
				8B831BFD2BCCF57700A85973 /* GuestInfoInputView.swift */,
				8B831BFF2BCCF57700A85973 /* UserInfoInputView.swift */,
				8B3159D62BD0419A0049CB5F /* PrivacyTermsView.swift */,
				8B3159D42BD041500049CB5F /* ServiceTermsView.swift */,
			);
			path = Login;
			sourceTree = "<group>";
		};
		8B831C062BCCF57700A85973 /* Views */ = {
			isa = PBXGroup;
			children = (
				8B831C482BCD3F4D00A85973 /* SplashScreen.swift */,
				CB4EF61B2BCFA06600BDC73A /* BuildingView */,
				CB0D26F82BCE8EA200800459 /* EventView */,
				CB4CE38F2BCD3F3500E0611B /* Weather */,
				8B831C002BCCF57700A85973 /* Login */,
				8B831C022BCCF57700A85973 /* DashboardView.swift */,
				8B831C722BCE0AB300A85973 /* StudentDashboardView.swift */,
				8B831C702BCE0A9200A85973 /* GuestDashboardView.swift */,
				8B831C042BCCF57700A85973 /* MapTabView.swift */,
				CBDDC9112BCEB62300019FAB /* BackgroundMapView.swift */,
				CBDDC9152BCEBF6100019FAB /* BackMapTest.swift */,
				8B3159D82BD0F53F0049CB5F /* MyPage */,
			);
			path = Views;
			sourceTree = "<group>";
		};
		8B831C102BCCF60C00A85973 /* Struct */ = {
			isa = PBXGroup;
			children = (
				8B831C0F2BCCF60C00A85973 /* LoginInfo.swift */,
				8B831C462BCD1B5C00A85973 /* UserInfo.swift */,
			);
			path = Struct;
			sourceTree = "<group>";
		};
		8B831C172BCCF60C00A85973 /* Model */ = {
			isa = PBXGroup;
			children = (
				8B831C122BCCF60C00A85973 /* LoginRequest.swift */,
				8B831C132BCCF60C00A85973 /* LoginResponse.swift */,
				8B5368F22BD25EB7007B8984 /* IdDuplicationResponse.swift */,
				8B831C152BCCF60C00A85973 /* UserInfoRequest.swift */,
				8B831C162BCCF60C00A85973 /* UserInfoResponse.swift */,
				8B5368F42BD2B59D007B8984 /* GuestInfoRequest.swift */,
				8B5368F62BD2B5A9007B8984 /* GuestInfoResponse.swift */,
				8B5368FA2BD2BF73007B8984 /* UserInquiryResponse.swift */,
				8B5368FC2BD2C019007B8984 /* UserInfoModifyRequest.swift */,
				8B5368FE2BD2C025007B8984 /* UserInfoModifyResponse.swift */,
				CB0D26F62BCE681F00800459 /* EventListResponse.swift */,
				CB0D26FD2BCE8F8300800459 /* EventDetailResponse.swift */,
				CBDDC9132BCEB6CB00019FAB /* PlaceCategoryResponse.swift */,
				CB4EF61E2BCFD4C800BDC73A /* BuildingListResponse.swift */,
				CB4EF6202BCFD5C000BDC73A /* BuildingDetailResponse.swift */,
				8B3159DB2BD16C570049CB5F /* DeleteUserResponse.swift */,
			);
			path = Model;
			sourceTree = "<group>";
		};
		8B831C1C2BCCF60C00A85973 /* Usdz */ = {
			isa = PBXGroup;
			children = (
				8B831C182BCCF60C00A85973 /* middleArrow.usdz */,
				8B831C192BCCF60C00A85973 /* Pin.usdz */,
				8B831C1A2BCCF60C00A85973 /* right.usdz */,
				8B831C1B2BCCF60C00A85973 /* threeArrows.usdz */,
			);
			path = Usdz;
			sourceTree = "<group>";
		};
		8B831C282BCCF60C00A85973 /* AR */ = {
			isa = PBXGroup;
			children = (
				8B831C1C2BCCF60C00A85973 /* Usdz */,
				8B831C1D2BCCF60C00A85973 /* AppleMap.swift */,
				8B831C1E2BCCF60C00A85973 /* ARMainView.swift */,
				8B831C1F2BCCF60C00A85973 /* ARView.swift */,
				8B831C202BCCF60C00A85973 /* Constant.swift */,
				8B831C212BCCF60C00A85973 /* CoreLocation.swift */,
				8B831C222BCCF60C00A85973 /* Extension.swift */,
				8B831C232BCCF60C00A85973 /* GetIntermediateCoordinate.swift */,
				8B831C242BCCF60C00A85973 /* NextNode.swift */,
				8B831C252BCCF60C00A85973 /* Node.swift */,
				8B831C262BCCF60C00A85973 /* Path.swift */,
				8B831C272BCCF60C00A85973 /* StartView.swift */,
				CB2E456D2BD4DF38009DB796 /* ARCLViewController.swift */,
				CB2E456F2BD4DF70009DB796 /* LocationAnnotationNode.swift */,
				CB2E45712BD4E015009DB796 /* SCNNode+Extension.swift */,
			);
			path = AR;
			sourceTree = "<group>";
		};
		8B831C2C2BCCF60C00A85973 /* Helpers */ = {
			isa = PBXGroup;
			children = (
				8B831C292BCCF60C00A85973 /* BeantownButtons.swift */,
				8B831C2A2BCCF60C00A85973 /* BottomSheetHelper.swift */,
				8B831C2B2BCCF60C00A85973 /* MapTestView.swift */,
				8BA84B612BCF964800ACD5E2 /* SegmentedControlHelper.swift */,
			);
			path = Helpers;
			sourceTree = "<group>";
		};
		CB0D26F82BCE8EA200800459 /* EventView */ = {
			isa = PBXGroup;
			children = (
				8B831C032BCCF57700A85973 /* EventTabView.swift */,
				CB4EF6222BCFD7A000BDC73A /* EventCardView.swift */,
				CB0D26FB2BCE8EE500800459 /* EventDetailView.swift */,
			);
			path = EventView;
			sourceTree = "<group>";
		};
		CB4CE38F2BCD3F3500E0611B /* Weather */ = {
			isa = PBXGroup;
			children = (
				CB4CE38D2BCD2F0D00E0611B /* WeatherView.swift */,
				CB4CE3902BCD3F4600E0611B /* WeatherData.swift */,
				CB4CE3922BCD3F9C00E0611B /* ConvertGrid_GPS.swift */,
				CB4CE3942BCD3FA500E0611B /* MyXMLParserDelegate.swift */,
				CB4CE3962BCD421A00E0611B /* Weather.swift */,
			);
			path = Weather;
			sourceTree = "<group>";
		};
		CB4EF61B2BCFA06600BDC73A /* BuildingView */ = {
			isa = PBXGroup;
			children = (
				8B831C012BCCF57700A85973 /* BuildingTabView.swift */,
				CB4EF61C2BCFA07B00BDC73A /* BuildingDetailView.swift */,
			);
			path = BuildingView;
			sourceTree = "<group>";
		};
		CBA6DDB830B7246611E0ED24 /* Pods */ = {
			isa = PBXGroup;
			children = (
				65239D12FC5FBC7B8F89AA67 /* Pods-GachMap.debug.xcconfig */,
				E0202EBB66AC85F899D763AC /* Pods-GachMap.release.xcconfig */,
			);
			path = Pods;
			sourceTree = "<group>";
		};
/* End PBXGroup section */

/* Begin PBXNativeTarget section */
		8B831BD92BCCEFF600A85973 /* GachMap */ = {
			isa = PBXNativeTarget;
			buildConfigurationList = 8B831BE82BCCEFF700A85973 /* Build configuration list for PBXNativeTarget "GachMap" */;
			buildPhases = (
				601B53D7AE8B9514D6A8E079 /* [CP] Check Pods Manifest.lock */,
				8B831BD62BCCEFF600A85973 /* Sources */,
				8B831BD72BCCEFF600A85973 /* Frameworks */,
				8B831BD82BCCEFF600A85973 /* Resources */,
				1B43ACAAF13FC1C9E803B1C1 /* [CP] Embed Pods Frameworks */,
			);
			buildRules = (
			);
			dependencies = (
			);
			name = GachMap;
			productName = GachMap;
			productReference = 8B831BDA2BCCEFF600A85973 /* GachMap.app */;
			productType = "com.apple.product-type.application";
		};
/* End PBXNativeTarget section */

/* Begin PBXProject section */
		8B831BD22BCCEFF600A85973 /* Project object */ = {
			isa = PBXProject;
			attributes = {
				BuildIndependentTargetsInParallel = 1;
				LastSwiftUpdateCheck = 1530;
				LastUpgradeCheck = 1530;
				TargetAttributes = {
					8B831BD92BCCEFF600A85973 = {
						CreatedOnToolsVersion = 15.3;
					};
				};
			};
			buildConfigurationList = 8B831BD52BCCEFF600A85973 /* Build configuration list for PBXProject "GachMap" */;
			compatibilityVersion = "Xcode 14.0";
			developmentRegion = en;
			hasScannedForEncodings = 0;
			knownRegions = (
				en,
				Base,
			);
			mainGroup = 8B831BD12BCCEFF600A85973;
			productRefGroup = 8B831BDB2BCCEFF600A85973 /* Products */;
			projectDirPath = "";
			projectRoot = "";
			targets = (
				8B831BD92BCCEFF600A85973 /* GachMap */,
			);
		};
/* End PBXProject section */

/* Begin PBXResourcesBuildPhase section */
		8B831BD82BCCEFF600A85973 /* Resources */ = {
			isa = PBXResourcesBuildPhase;
			buildActionMask = 2147483647;
			files = (
				8B831BE52BCCEFF700A85973 /* Preview Assets.xcassets in Resources */,
				8B831C342BCCF60C00A85973 /* middleArrow.usdz in Resources */,
				8B831BE22BCCEFF700A85973 /* Assets.xcassets in Resources */,
				8B831C352BCCF60C00A85973 /* Pin.usdz in Resources */,
				8B831C372BCCF60C00A85973 /* threeArrows.usdz in Resources */,
				8B831C362BCCF60C00A85973 /* right.usdz in Resources */,
			);
			runOnlyForDeploymentPostprocessing = 0;
		};
/* End PBXResourcesBuildPhase section */

/* Begin PBXShellScriptBuildPhase section */
		1B43ACAAF13FC1C9E803B1C1 /* [CP] Embed Pods Frameworks */ = {
			isa = PBXShellScriptBuildPhase;
			buildActionMask = 2147483647;
			files = (
			);
			inputFileListPaths = (
				"${PODS_ROOT}/Target Support Files/Pods-GachMap/Pods-GachMap-frameworks-${CONFIGURATION}-input-files.xcfilelist",
			);
			name = "[CP] Embed Pods Frameworks";
			outputFileListPaths = (
				"${PODS_ROOT}/Target Support Files/Pods-GachMap/Pods-GachMap-frameworks-${CONFIGURATION}-output-files.xcfilelist",
			);
			runOnlyForDeploymentPostprocessing = 0;
			shellPath = /bin/sh;
			shellScript = "\"${PODS_ROOT}/Target Support Files/Pods-GachMap/Pods-GachMap-frameworks.sh\"\n";
			showEnvVarsInLog = 0;
		};
		601B53D7AE8B9514D6A8E079 /* [CP] Check Pods Manifest.lock */ = {
			isa = PBXShellScriptBuildPhase;
			buildActionMask = 2147483647;
			files = (
			);
			inputFileListPaths = (
			);
			inputPaths = (
				"${PODS_PODFILE_DIR_PATH}/Podfile.lock",
				"${PODS_ROOT}/Manifest.lock",
			);
			name = "[CP] Check Pods Manifest.lock";
			outputFileListPaths = (
			);
			outputPaths = (
				"$(DERIVED_FILE_DIR)/Pods-GachMap-checkManifestLockResult.txt",
			);
			runOnlyForDeploymentPostprocessing = 0;
			shellPath = /bin/sh;
			shellScript = "diff \"${PODS_PODFILE_DIR_PATH}/Podfile.lock\" \"${PODS_ROOT}/Manifest.lock\" > /dev/null\nif [ $? != 0 ] ; then\n    # print error to STDERR\n    echo \"error: The sandbox is not in sync with the Podfile.lock. Run 'pod install' or update your CocoaPods installation.\" >&2\n    exit 1\nfi\n# This output is used by Xcode 'outputs' to avoid re-running this script phase.\necho \"SUCCESS\" > \"${SCRIPT_OUTPUT_FILE_0}\"\n";
			showEnvVarsInLog = 0;
		};
/* End PBXShellScriptBuildPhase section */

/* Begin PBXSourcesBuildPhase section */
		8B831BD62BCCEFF600A85973 /* Sources */ = {
			isa = PBXSourcesBuildPhase;
			buildActionMask = 2147483647;
			files = (
				8B831C3D2BCCF60C00A85973 /* Extension.swift in Sources */,
				8B831BE02BCCEFF600A85973 /* ContentView.swift in Sources */,
				8B831C332BCCF60C00A85973 /* UserInfoResponse.swift in Sources */,
				CB4EF6232BCFD7A000BDC73A /* EventCardView.swift in Sources */,
				8B831C2F2BCCF60C00A85973 /* LoginRequest.swift in Sources */,
				CB4CE3972BCD421A00E0611B /* Weather.swift in Sources */,
				CB4EF6212BCFD5C000BDC73A /* BuildingDetailResponse.swift in Sources */,
				8BA84B602BCF8DD000ACD5E2 /* InfoInputView.swift in Sources */,
				CB0D26F72BCE681F00800459 /* EventListResponse.swift in Sources */,
				8B831C3C2BCCF60C00A85973 /* CoreLocation.swift in Sources */,
				CBDDC9162BCEBF6100019FAB /* BackMapTest.swift in Sources */,
				8B831C402BCCF60C00A85973 /* Node.swift in Sources */,
				8B831C492BCD3F4D00A85973 /* SplashScreen.swift in Sources */,
				8B831C3E2BCCF60C00A85973 /* GetIntermediateCoordinate.swift in Sources */,
				8B3159DC2BD16C570049CB5F /* DeleteUserResponse.swift in Sources */,
				8B831C712BCE0A9200A85973 /* GuestDashboardView.swift in Sources */,
				8B5368FD2BD2C019007B8984 /* UserInfoModifyRequest.swift in Sources */,
				8B831C0D2BCCF57700A85973 /* MapTabView.swift in Sources */,
				CB0D26FE2BCE8F8300800459 /* EventDetailResponse.swift in Sources */,
				8B831C0C2BCCF57700A85973 /* EventTabView.swift in Sources */,
				CB2E456E2BD4DF38009DB796 /* ARCLViewController.swift in Sources */,
				CB4EF61D2BCFA07C00BDC73A /* BuildingDetailView.swift in Sources */,
				8B5368F92BD2BD8D007B8984 /* PasswordCheckView.swift in Sources */,
				8B3159D12BCFE7190049CB5F /* SignUpView.swift in Sources */,
				8B831C732BCE0AB300A85973 /* StudentDashboardView.swift in Sources */,
				8B5368FB2BD2BF73007B8984 /* UserInquiryResponse.swift in Sources */,
				8B831C3A2BCCF60C00A85973 /* ARView.swift in Sources */,
				CBDDC9142BCEB6CB00019FAB /* PlaceCategoryResponse.swift in Sources */,
				8B831C322BCCF60C00A85973 /* UserInfoRequest.swift in Sources */,
				8B831C072BCCF57700A85973 /* GuestInfoInputView.swift in Sources */,
				8B831C082BCCF57700A85973 /* LoginView.swift in Sources */,
				8B831C302BCCF60C00A85973 /* LoginResponse.swift in Sources */,
				8B831C0B2BCCF57700A85973 /* DashboardView.swift in Sources */,
				CB4CE3912BCD3F4600E0611B /* WeatherData.swift in Sources */,
				CB2E45722BD4E015009DB796 /* SCNNode+Extension.swift in Sources */,
				8B831C0E2BCCF57700A85973 /* ProfileTabView.swift in Sources */,
				CB4CE3932BCD3F9C00E0611B /* ConvertGrid_GPS.swift in Sources */,
				8BA84B622BCF964800ACD5E2 /* SegmentedControlHelper.swift in Sources */,
				8B831BDE2BCCEFF600A85973 /* GachMapApp.swift in Sources */,
				8B831C3B2BCCF60C00A85973 /* Constant.swift in Sources */,
				CB4EF61F2BCFD4C800BDC73A /* BuildingListResponse.swift in Sources */,
				CBDDC9122BCEB62300019FAB /* BackgroundMapView.swift in Sources */,
				8B5368F52BD2B59D007B8984 /* GuestInfoRequest.swift in Sources */,
				8B831C0A2BCCF57700A85973 /* BuildingTabView.swift in Sources */,
				8B831C4B2BCD46DF00A85973 /* PrimaryView.swift in Sources */,
				8B831C472BCD1B5C00A85973 /* UserInfo.swift in Sources */,
				8B3159DA2BD0F8510049CB5F /* ProfileModifyView.swift in Sources */,
				8B5368F72BD2B5A9007B8984 /* GuestInfoResponse.swift in Sources */,
				8B831C442BCCF60C00A85973 /* BottomSheetHelper.swift in Sources */,
				8B831C092BCCF57700A85973 /* UserInfoInputView.swift in Sources */,
				CB0D26FC2BCE8EE500800459 /* EventDetailView.swift in Sources */,
				8B831C432BCCF60C00A85973 /* BeantownButtons.swift in Sources */,
				CB4CE38E2BCD2F0D00E0611B /* WeatherView.swift in Sources */,
				8B3159D72BD0419A0049CB5F /* PrivacyTermsView.swift in Sources */,
				8B831C382BCCF60C00A85973 /* AppleMap.swift in Sources */,
				8B5368FF2BD2C026007B8984 /* UserInfoModifyResponse.swift in Sources */,
				CB4CE3952BCD3FA500E0611B /* MyXMLParserDelegate.swift in Sources */,
				8B831C452BCCF60C00A85973 /* MapTestView.swift in Sources */,
				8B831C392BCCF60C00A85973 /* ARMainView.swift in Sources */,
				CB2E45702BD4DF70009DB796 /* LocationAnnotationNode.swift in Sources */,
				8B5368F32BD25EB7007B8984 /* IdDuplicationResponse.swift in Sources */,
				8B3159D52BD041500049CB5F /* ServiceTermsView.swift in Sources */,
				8B831C2D2BCCF60C00A85973 /* LoginInfo.swift in Sources */,
				8B831C412BCCF60C00A85973 /* Path.swift in Sources */,
				8B831C3F2BCCF60C00A85973 /* NextNode.swift in Sources */,
				8B831C422BCCF60C00A85973 /* StartView.swift in Sources */,
			);
			runOnlyForDeploymentPostprocessing = 0;
		};
/* End PBXSourcesBuildPhase section */

/* Begin XCBuildConfiguration section */
		8B831BE62BCCEFF700A85973 /* Debug */ = {
			isa = XCBuildConfiguration;
			buildSettings = {
				ALWAYS_SEARCH_USER_PATHS = NO;
				ASSETCATALOG_COMPILER_GENERATE_SWIFT_ASSET_SYMBOL_EXTENSIONS = YES;
				CLANG_ANALYZER_NONNULL = YES;
				CLANG_ANALYZER_NUMBER_OBJECT_CONVERSION = YES_AGGRESSIVE;
				CLANG_CXX_LANGUAGE_STANDARD = "gnu++20";
				CLANG_ENABLE_MODULES = YES;
				CLANG_ENABLE_OBJC_ARC = YES;
				CLANG_ENABLE_OBJC_WEAK = YES;
				CLANG_WARN_BLOCK_CAPTURE_AUTORELEASING = YES;
				CLANG_WARN_BOOL_CONVERSION = YES;
				CLANG_WARN_COMMA = YES;
				CLANG_WARN_CONSTANT_CONVERSION = YES;
				CLANG_WARN_DEPRECATED_OBJC_IMPLEMENTATIONS = YES;
				CLANG_WARN_DIRECT_OBJC_ISA_USAGE = YES_ERROR;
				CLANG_WARN_DOCUMENTATION_COMMENTS = YES;
				CLANG_WARN_EMPTY_BODY = YES;
				CLANG_WARN_ENUM_CONVERSION = YES;
				CLANG_WARN_INFINITE_RECURSION = YES;
				CLANG_WARN_INT_CONVERSION = YES;
				CLANG_WARN_NON_LITERAL_NULL_CONVERSION = YES;
				CLANG_WARN_OBJC_IMPLICIT_RETAIN_SELF = YES;
				CLANG_WARN_OBJC_LITERAL_CONVERSION = YES;
				CLANG_WARN_OBJC_ROOT_CLASS = YES_ERROR;
				CLANG_WARN_QUOTED_INCLUDE_IN_FRAMEWORK_HEADER = YES;
				CLANG_WARN_RANGE_LOOP_ANALYSIS = YES;
				CLANG_WARN_STRICT_PROTOTYPES = YES;
				CLANG_WARN_SUSPICIOUS_MOVE = YES;
				CLANG_WARN_UNGUARDED_AVAILABILITY = YES_AGGRESSIVE;
				CLANG_WARN_UNREACHABLE_CODE = YES;
				CLANG_WARN__DUPLICATE_METHOD_MATCH = YES;
				COPY_PHASE_STRIP = NO;
				DEBUG_INFORMATION_FORMAT = dwarf;
				ENABLE_STRICT_OBJC_MSGSEND = YES;
				ENABLE_TESTABILITY = YES;
				ENABLE_USER_SCRIPT_SANDBOXING = NO;
				GCC_C_LANGUAGE_STANDARD = gnu17;
				GCC_DYNAMIC_NO_PIC = NO;
				GCC_NO_COMMON_BLOCKS = YES;
				GCC_OPTIMIZATION_LEVEL = 0;
				GCC_PREPROCESSOR_DEFINITIONS = (
					"DEBUG=1",
					"$(inherited)",
				);
				GCC_WARN_64_TO_32_BIT_CONVERSION = YES;
				GCC_WARN_ABOUT_RETURN_TYPE = YES_ERROR;
				GCC_WARN_UNDECLARED_SELECTOR = YES;
				GCC_WARN_UNINITIALIZED_AUTOS = YES_AGGRESSIVE;
				GCC_WARN_UNUSED_FUNCTION = YES;
				GCC_WARN_UNUSED_VARIABLE = YES;
				IPHONEOS_DEPLOYMENT_TARGET = 17.0;
				LOCALIZATION_PREFERS_STRING_CATALOGS = YES;
				MTL_ENABLE_DEBUG_INFO = INCLUDE_SOURCE;
				MTL_FAST_MATH = YES;
				ONLY_ACTIVE_ARCH = YES;
				SDKROOT = iphoneos;
				SWIFT_ACTIVE_COMPILATION_CONDITIONS = "DEBUG $(inherited)";
				SWIFT_OPTIMIZATION_LEVEL = "-Onone";
			};
			name = Debug;
		};
		8B831BE72BCCEFF700A85973 /* Release */ = {
			isa = XCBuildConfiguration;
			buildSettings = {
				ALWAYS_SEARCH_USER_PATHS = NO;
				ASSETCATALOG_COMPILER_GENERATE_SWIFT_ASSET_SYMBOL_EXTENSIONS = YES;
				CLANG_ANALYZER_NONNULL = YES;
				CLANG_ANALYZER_NUMBER_OBJECT_CONVERSION = YES_AGGRESSIVE;
				CLANG_CXX_LANGUAGE_STANDARD = "gnu++20";
				CLANG_ENABLE_MODULES = YES;
				CLANG_ENABLE_OBJC_ARC = YES;
				CLANG_ENABLE_OBJC_WEAK = YES;
				CLANG_WARN_BLOCK_CAPTURE_AUTORELEASING = YES;
				CLANG_WARN_BOOL_CONVERSION = YES;
				CLANG_WARN_COMMA = YES;
				CLANG_WARN_CONSTANT_CONVERSION = YES;
				CLANG_WARN_DEPRECATED_OBJC_IMPLEMENTATIONS = YES;
				CLANG_WARN_DIRECT_OBJC_ISA_USAGE = YES_ERROR;
				CLANG_WARN_DOCUMENTATION_COMMENTS = YES;
				CLANG_WARN_EMPTY_BODY = YES;
				CLANG_WARN_ENUM_CONVERSION = YES;
				CLANG_WARN_INFINITE_RECURSION = YES;
				CLANG_WARN_INT_CONVERSION = YES;
				CLANG_WARN_NON_LITERAL_NULL_CONVERSION = YES;
				CLANG_WARN_OBJC_IMPLICIT_RETAIN_SELF = YES;
				CLANG_WARN_OBJC_LITERAL_CONVERSION = YES;
				CLANG_WARN_OBJC_ROOT_CLASS = YES_ERROR;
				CLANG_WARN_QUOTED_INCLUDE_IN_FRAMEWORK_HEADER = YES;
				CLANG_WARN_RANGE_LOOP_ANALYSIS = YES;
				CLANG_WARN_STRICT_PROTOTYPES = YES;
				CLANG_WARN_SUSPICIOUS_MOVE = YES;
				CLANG_WARN_UNGUARDED_AVAILABILITY = YES_AGGRESSIVE;
				CLANG_WARN_UNREACHABLE_CODE = YES;
				CLANG_WARN__DUPLICATE_METHOD_MATCH = YES;
				COPY_PHASE_STRIP = NO;
				DEBUG_INFORMATION_FORMAT = "dwarf-with-dsym";
				ENABLE_NS_ASSERTIONS = NO;
				ENABLE_STRICT_OBJC_MSGSEND = YES;
				ENABLE_USER_SCRIPT_SANDBOXING = NO;
				GCC_C_LANGUAGE_STANDARD = gnu17;
				GCC_NO_COMMON_BLOCKS = YES;
				GCC_WARN_64_TO_32_BIT_CONVERSION = YES;
				GCC_WARN_ABOUT_RETURN_TYPE = YES_ERROR;
				GCC_WARN_UNDECLARED_SELECTOR = YES;
				GCC_WARN_UNINITIALIZED_AUTOS = YES_AGGRESSIVE;
				GCC_WARN_UNUSED_FUNCTION = YES;
				GCC_WARN_UNUSED_VARIABLE = YES;
				IPHONEOS_DEPLOYMENT_TARGET = 17.0;
				LOCALIZATION_PREFERS_STRING_CATALOGS = YES;
				MTL_ENABLE_DEBUG_INFO = NO;
				MTL_FAST_MATH = YES;
				SDKROOT = iphoneos;
				SWIFT_COMPILATION_MODE = wholemodule;
				VALIDATE_PRODUCT = YES;
			};
			name = Release;
		};
		8B831BE92BCCEFF700A85973 /* Debug */ = {
			isa = XCBuildConfiguration;
			baseConfigurationReference = 65239D12FC5FBC7B8F89AA67 /* Pods-GachMap.debug.xcconfig */;
			buildSettings = {
				ASSETCATALOG_COMPILER_APPICON_NAME = AppIcon;
				ASSETCATALOG_COMPILER_GLOBAL_ACCENT_COLOR_NAME = AccentColor;
				CODE_SIGN_STYLE = Automatic;
				CURRENT_PROJECT_VERSION = 1;
				DEVELOPMENT_ASSET_PATHS = "\"GachMap/Preview Content\"";
				DEVELOPMENT_TEAM = XW6H6BYJ53;
				ENABLE_PREVIEWS = YES;
				GENERATE_INFOPLIST_FILE = YES;
				INFOPLIST_FILE = GachMap/Info.plist;
				INFOPLIST_KEY_NSCameraUsageDescription = "카메라 권한";
				INFOPLIST_KEY_NSLocationAlwaysAndWhenInUseUsageDescription = "위치 권한";
				INFOPLIST_KEY_NSLocationWhenInUseUsageDescription = "위치 권한";
				INFOPLIST_KEY_UIApplicationSceneManifest_Generation = YES;
				INFOPLIST_KEY_UIApplicationSupportsIndirectInputEvents = YES;
				INFOPLIST_KEY_UILaunchScreen_Generation = YES;
				INFOPLIST_KEY_UISupportedInterfaceOrientations_iPad = "UIInterfaceOrientationPortrait UIInterfaceOrientationPortraitUpsideDown UIInterfaceOrientationLandscapeLeft UIInterfaceOrientationLandscapeRight";
				INFOPLIST_KEY_UISupportedInterfaceOrientations_iPhone = "UIInterfaceOrientationPortrait UIInterfaceOrientationLandscapeLeft UIInterfaceOrientationLandscapeRight";
				INFOPLIST_KEY_UIUserInterfaceStyle = Light;
				IPHONEOS_DEPLOYMENT_TARGET = 17.0;
				LD_RUNPATH_SEARCH_PATHS = (
					"$(inherited)",
					"@executable_path/Frameworks",
				);
				MARKETING_VERSION = 1.0;
				PRODUCT_BUNDLE_IDENTIFIER = com.F2Z.GachMap;
				PRODUCT_NAME = "$(TARGET_NAME)";
				SWIFT_EMIT_LOC_STRINGS = YES;
				SWIFT_VERSION = 5.0;
				TARGETED_DEVICE_FAMILY = "1,2";
			};
			name = Debug;
		};
		8B831BEA2BCCEFF700A85973 /* Release */ = {
			isa = XCBuildConfiguration;
			baseConfigurationReference = E0202EBB66AC85F899D763AC /* Pods-GachMap.release.xcconfig */;
			buildSettings = {
				ASSETCATALOG_COMPILER_APPICON_NAME = AppIcon;
				ASSETCATALOG_COMPILER_GLOBAL_ACCENT_COLOR_NAME = AccentColor;
				CODE_SIGN_STYLE = Automatic;
				CURRENT_PROJECT_VERSION = 1;
				DEVELOPMENT_ASSET_PATHS = "\"GachMap/Preview Content\"";
				DEVELOPMENT_TEAM = XW6H6BYJ53;
				ENABLE_PREVIEWS = YES;
				GENERATE_INFOPLIST_FILE = YES;
				INFOPLIST_FILE = GachMap/Info.plist;
				INFOPLIST_KEY_NSCameraUsageDescription = "카메라 권한";
				INFOPLIST_KEY_NSLocationAlwaysAndWhenInUseUsageDescription = "위치 권한";
				INFOPLIST_KEY_NSLocationWhenInUseUsageDescription = "위치 권한";
				INFOPLIST_KEY_UIApplicationSceneManifest_Generation = YES;
				INFOPLIST_KEY_UIApplicationSupportsIndirectInputEvents = YES;
				INFOPLIST_KEY_UILaunchScreen_Generation = YES;
				INFOPLIST_KEY_UISupportedInterfaceOrientations_iPad = "UIInterfaceOrientationPortrait UIInterfaceOrientationPortraitUpsideDown UIInterfaceOrientationLandscapeLeft UIInterfaceOrientationLandscapeRight";
				INFOPLIST_KEY_UISupportedInterfaceOrientations_iPhone = "UIInterfaceOrientationPortrait UIInterfaceOrientationLandscapeLeft UIInterfaceOrientationLandscapeRight";
				INFOPLIST_KEY_UIUserInterfaceStyle = Light;
				IPHONEOS_DEPLOYMENT_TARGET = 17.0;
				LD_RUNPATH_SEARCH_PATHS = (
					"$(inherited)",
					"@executable_path/Frameworks",
				);
				MARKETING_VERSION = 1.0;
				PRODUCT_BUNDLE_IDENTIFIER = com.F2Z.GachMap;
				PRODUCT_NAME = "$(TARGET_NAME)";
				SWIFT_EMIT_LOC_STRINGS = YES;
				SWIFT_VERSION = 5.0;
				TARGETED_DEVICE_FAMILY = "1,2";
			};
			name = Release;
		};
/* End XCBuildConfiguration section */

/* Begin XCConfigurationList section */
		8B831BD52BCCEFF600A85973 /* Build configuration list for PBXProject "GachMap" */ = {
			isa = XCConfigurationList;
			buildConfigurations = (
				8B831BE62BCCEFF700A85973 /* Debug */,
				8B831BE72BCCEFF700A85973 /* Release */,
			);
			defaultConfigurationIsVisible = 0;
			defaultConfigurationName = Release;
		};
		8B831BE82BCCEFF700A85973 /* Build configuration list for PBXNativeTarget "GachMap" */ = {
			isa = XCConfigurationList;
			buildConfigurations = (
				8B831BE92BCCEFF700A85973 /* Debug */,
				8B831BEA2BCCEFF700A85973 /* Release */,
			);
			defaultConfigurationIsVisible = 0;
			defaultConfigurationName = Release;
		};
/* End XCConfigurationList section */
	};
	rootObject = 8B831BD22BCCEFF600A85973 /* Project object */;
}
